
Microsoft Visual Studio Solution File, Format Version 12.00
# Visual Studio 15
VisualStudioVersion = 15.0.28307.1525
MinimumVisualStudioVersion = 10.0.40219.1
Project("{FAE04EC0-301F-11D3-BF4B-00C04F79EFBC}") = "MasterDetails", "MasterDetails\MasterDetails.csproj", "{AC1E93DC-C4BA-490D-AFC3-5C706A30BA6F}"
EndProject
Global
	GlobalSection(SolutionConfigurationPlatforms) = preSolution
		Debug|Any CPU = Debug|Any CPU
		Release|Any CPU = Release|Any CPU
	EndGlobalSection
	GlobalSection(ProjectConfigurationPlatforms) = postSolution
		{AC1E93DC-C4BA-490D-AFC3-5C706A30BA6F}.Debug|Any CPU.ActiveCfg = Debug|Any CPU
		{AC1E93DC-C4BA-490D-AFC3-5C706A30BA6F}.Debug|Any CPU.Build.0 = Debug|Any CPU
		{AC1E93DC-C4BA-490D-AFC3-5C706A30BA6F}.Release|Any CPU.ActiveCfg = Release|Any CPU
		{AC1E93DC-C4BA-490D-AFC3-5C706A30BA6F}.Release|Any CPU.Build.0 = Release|Any CPU
	EndGlobalSection
	GlobalSection(SolutionProperties) = preSolution
		HideSolutionNode = FALSE
	EndGlobalSection
	GlobalSection(ExtensibilityGlobals) = postSolution
		SolutionGuid = {E3CABDE7-C5E5-4F77-A693-2A7A3F9CAA8D}
	EndGlobalSection
EndGlobal
